// !$*UTF8*$!
{
	archiveVersion = 1;
	classes = {
	};
	objectVersion = 46;
	objects = {

/* Begin PBXBuildFile section */
		55DCCAC11BEE3BBB00583245 /* AppDelegate.swift in Sources */ = {isa = PBXBuildFile; fileRef = 55DCCAC01BEE3BBB00583245 /* AppDelegate.swift */; };
		55DCCAC31BEE3BBB00583245 /* ViewController.swift in Sources */ = {isa = PBXBuildFile; fileRef = 55DCCAC21BEE3BBB00583245 /* ViewController.swift */; };
		55DCCAC61BEE3BBB00583245 /* Main.storyboard in Resources */ = {isa = PBXBuildFile; fileRef = 55DCCAC41BEE3BBB00583245 /* Main.storyboard */; };
		55DCCAC81BEE3BBB00583245 /* Assets.xcassets in Resources */ = {isa = PBXBuildFile; fileRef = 55DCCAC71BEE3BBB00583245 /* Assets.xcassets */; };
		55DCCACB1BEE3BBB00583245 /* LaunchScreen.storyboard in Resources */ = {isa = PBXBuildFile; fileRef = 55DCCAC91BEE3BBB00583245 /* LaunchScreen.storyboard */; };
/* End PBXBuildFile section */

/* Begin PBXFileReference section */
		55DCCABD1BEE3BBB00583245 /* SuperCool.app */ = {isa = PBXFileReference; explicitFileType = wrapper.application; includeInIndex = 0; path = SuperCool.app; sourceTree = BUILT_PRODUCTS_DIR; };
		55DCCAC01BEE3BBB00583245 /* AppDelegate.swift */ = {isa = PBXFileReference; lastKnownFileType = sourcecode.swift; path = AppDelegate.swift; sourceTree = "<group>"; };
		55DCCAC21BEE3BBB00583245 /* ViewController.swift */ = {isa = PBXFileReference; lastKnownFileType = sourcecode.swift; path = ViewController.swift; sourceTree = "<group>"; };
		55DCCAC51BEE3BBB00583245 /* Base */ = {isa = PBXFileReference; lastKnownFileType = file.storyboard; name = Base; path = Base.lproj/Main.storyboard; sourceTree = "<group>"; };
		55DCCAC71BEE3BBB00583245 /* Assets.xcassets */ = {isa = PBXFileReference; lastKnownFileType = folder.assetcatalog; path = Assets.xcassets; sourceTree = "<group>"; };
		55DCCACA1BEE3BBB00583245 /* Base */ = {isa = PBXFileReference; lastKnownFileType = file.storyboard; name = Base; path = Base.lproj/LaunchScreen.storyboard; sourceTree = "<group>"; };
		55DCCACC1BEE3BBB00583245 /* Info.plist */ = {isa = PBXFileReference; lastKnownFileType = text.plist.xml; path = Info.plist; sourceTree = "<group>"; };
/* End PBXFileReference section */

/* Begin PBXFrameworksBuildPhase section */
		55DCCABA1BEE3BBB00583245 /* Frameworks */ = {
			isa = PBXFrameworksBuildPhase;
			buildActionMask = 2147483647;
			files = (
			);
			runOnlyForDeploymentPostprocessing = 0;
		};
/* End PBXFrameworksBuildPhase section */

/* Begin PBXGroup section */
		55DCCAB41BEE3BBB00583245 = {
			isa = PBXGroup;
			children = (
				55DCCABF1BEE3BBB00583245 /* SuperCool */,
				55DCCABE1BEE3BBB00583245 /* Products */,
			);
			sourceTree = "<group>";
		};
		55DCCABE1BEE3BBB00583245 /* Products */ = {
			isa = PBXGroup;
			children = (
				55DCCABD1BEE3BBB00583245 /* SuperCool.app */,
			);
			name = Products;
			sourceTree = "<group>";
		};
		55DCCABF1BEE3BBB00583245 /* SuperCool */ = {
			isa = PBXGroup;
			children = (
				55DCCAC01BEE3BBB00583245 /* AppDelegate.swift */,
				55DCCAC21BEE3BBB00583245 /* ViewController.swift */,
				55DCCAC41BEE3BBB00583245 /* Main.storyboard */,
				55DCCAC71BEE3BBB00583245 /* Assets.xcassets */,
				55DCCAC91BEE3BBB00583245 /* LaunchScreen.storyboard */,
				55DCCACC1BEE3BBB00583245 /* Info.plist */,
			);
			path = SuperCool;
			sourceTree = "<group>";
		};
/* End PBXGroup section */

/* Begin PBXNativeTarget section */
		55DCCABC1BEE3BBB00583245 /* SuperCool */ = {
			isa = PBXNativeTarget;
			buildConfigurationList = 55DCCACF1BEE3BBB00583245 /* Build configuration list for PBXNativeTarget "SuperCool" */;
			buildPhases = (
				55DCCAB91BEE3BBB00583245 /* Sources */,
				55DCCABA1BEE3BBB00583245 /* Frameworks */,
				55DCCABB1BEE3BBB00583245 /* Resources */,
			);
			buildRules = (
			);
			dependencies = (
			);
			name = SuperCool;
			productName = SuperCool;
			productReference = 55DCCABD1BEE3BBB00583245 /* SuperCool.app */;
			productType = "com.apple.product-type.application";
		};
/* End PBXNativeTarget section */

/* Begin PBXProject section */
		55DCCAB51BEE3BBB00583245 /* Project object */ = {
			isa = PBXProject;
			attributes = {
				LastSwiftUpdateCheck = 0710;
				LastUpgradeCheck = 0710;
				ORGANIZATIONNAME = "Samuel Atwell";
				TargetAttributes = {
					55DCCABC1BEE3BBB00583245 = {
						CreatedOnToolsVersion = 7.1;
						DevelopmentTeam = 27E995L82F;
					};
				};
			};
			buildConfigurationList = 55DCCAB81BEE3BBB00583245 /* Build configuration list for PBXProject "SuperCool" */;
			compatibilityVersion = "Xcode 3.2";
			developmentRegion = English;
			hasScannedForEncodings = 0;
			knownRegions = (
				en,
				Base,
			);
			mainGroup = 55DCCAB41BEE3BBB00583245;
			productRefGroup = 55DCCABE1BEE3BBB00583245 /* Products */;
			projectDirPath = "";
			projectRoot = "";
			targets = (
				55DCCABC1BEE3BBB00583245 /* SuperCool */,
			);
		};
/* End PBXProject section */

/* Begin PBXResourcesBuildPhase section */
		55DCCABB1BEE3BBB00583245 /* Resources */ = {
			isa = PBXResourcesBuildPhase;
			buildActionMask = 2147483647;
			files = (
				55DCCACB1BEE3BBB00583245 /* LaunchScreen.storyboard in Resources */,
				55DCCAC81BEE3BBB00583245 /* Assets.xcassets in Resources */,
				55DCCAC61BEE3BBB00583245 /* Main.storyboard in Resources */,
			);
			runOnlyForDeploymentPostprocessing = 0;
		};
/* End PBXResourcesBuildPhase section */

/* Begin PBXSourcesBuildPhase section */
		55DCCAB91BEE3BBB00583245 /* Sources */ = {
			isa = PBXSourcesBuildPhase;
			buildActionMask = 2147483647;
			files = (
				55DCCAC31BEE3BBB00583245 /* ViewController.swift in Sources */,
				55DCCAC11BEE3BBB00583245 /* AppDelegate.swift in Sources */,
			);
			runOnlyForDeploymentPostprocessing = 0;
		};
/* End PBXSourcesBuildPhase section */

/* Begin PBXVariantGroup section */
		55DCCAC41BEE3BBB00583245 /* Main.storyboard */ = {
			isa = PBXVariantGroup;
			children = (
				55DCCAC51BEE3BBB00583245 /* Base */,
			);
			name = Main.storyboard;
			sourceTree = "<group>";
		};
		55DCCAC91BEE3BBB00583245 /* LaunchScreen.storyboard */ = {
			isa = PBXVariantGroup;
			children = (
				55DCCACA1BEE3BBB00583245 /* Base */,
			);
			name = LaunchScreen.storyboard;
			sourceTree = "<group>";
		};
/* End PBXVariantGroup section */

/* Begin XCBuildConfiguration section */
		55DCCACD1BEE3BBB00583245 /* Debug */ = {
			isa = XCBuildConfiguration;
			buildSettings = {
				ALWAYS_SEARCH_USER_PATHS = NO;
				CLANG_CXX_LANGUAGE_STANDARD = "gnu++0x";
				CLANG_CXX_LIBRARY = "libc++";
				CLANG_ENABLE_MODULES = YES;
				CLANG_ENABLE_OBJC_ARC = YES;
				CLANG_WARN_BOOL_CONVERSION = YES;
				CLANG_WARN_CONSTANT_CONVERSION = YES;
				CLANG_WARN_DIRECT_OBJC_ISA_USAGE = YES_ERROR;
				CLANG_WARN_EMPTY_BODY = YES;
				CLANG_WARN_ENUM_CONVERSION = YES;
				CLANG_WARN_INT_CONVERSION = YES;
				CLANG_WARN_OBJC_ROOT_CLASS = YES_ERROR;
				CLANG_WARN_UNREACHABLE_CODE = YES;
				CLANG_WARN__DUPLICATE_METHOD_MATCH = YES;
				"CODE_SIGN_IDENTITY[sdk=iphoneos*]" = "iPhone Developer";
				COPY_PHASE_STRIP = NO;
				DEBUG_INFORMATION_FORMAT = dwarf;
				ENABLE_STRICT_OBJC_MSGSEND = YES;
				ENABLE_TESTABILITY = YES;
				GCC_C_LANGUAGE_STANDARD = gnu99;
				GCC_DYNAMIC_NO_PIC = NO;
				GCC_NO_COMMON_BLOCKS = YES;
				GCC_OPTIMIZATION_LEVEL = 0;
				GCC_PREPROCESSOR_DEFINITIONS = (
					"DEBUG=1",
					"$(inherited)",
				);
				GCC_WARN_64_TO_32_BIT_CONVERSION = YES;
				GCC_WARN_ABOUT_RETURN_TYPE = YES_ERROR;
				GCC_WARN_UNDECLARED_SELECTOR = YES;
				GCC_WARN_UNINITIALIZED_AUTOS = YES_AGGRESSIVE;
				GCC_WARN_UNUSED_FUNCTION = YES;
				GCC_WARN_UNUSED_VARIABLE = YES;
				IPHONEOS_DEPLOYMENT_TARGET = 9.1;
				MTL_ENABLE_DEBUG_INFO = YES;
				ONLY_ACTIVE_ARCH = YES;
				SDKROOT = iphoneos;
				SWIFT_OPTIMIZATION_LEVEL = "-Onone";
			};
			name = Debug;
		};
		55DCCACE1BEE3BBB00583245 /* Release */ = {
			isa = XCBuildConfiguration;
			buildSettings = {
				ALWAYS_SEARCH_USER_PATHS = NO;
				CLANG_CXX_LANGUAGE_STANDARD = "gnu++0x";
				CLANG_CXX_LIBRARY = "libc++";
				CLANG_ENABLE_MODULES = YES;
				CLANG_ENABLE_OBJC_ARC = YES;
				CLANG_WARN_BOOL_CONVERSION = YES;
				CLANG_WARN_CONSTANT_CONVERSION = YES;
				CLANG_WARN_DIRECT_OBJC_ISA_USAGE = YES_ERROR;
				CLANG_WARN_EMPTY_BODY = YES;
				CLANG_WARN_ENUM_CONVERSION = YES;
				CLANG_WARN_INT_CONVERSION = YES;
				CLANG_WARN_OBJC_ROOT_CLASS = YES_ERROR;
				CLANG_WARN_UNREACHABLE_CODE = YES;
				CLANG_WARN__DUPLICATE_METHOD_MATCH = YES;
				"CODE_SIGN_IDENTITY[sdk=iphoneos*]" = "iPhone Developer";
				COPY_PHASE_STRIP = NO;
				DEBUG_INFORMATION_FORMAT = "dwarf-with-dsym";
				ENABLE_NS_ASSERTIONS = NO;
				ENABLE_STRICT_OBJC_MSGSEND = YES;
				GCC_C_LANGUAGE_STANDARD = gnu99;
				GCC_NO_COMMON_BLOCKS = YES;
				GCC_WARN_64_TO_32_BIT_CONVERSION = YES;
				GCC_WARN_ABOUT_RETURN_TYPE = YES_ERROR;
				GCC_WARN_UNDECLARED_SELECTOR = YES;
				GCC_WARN_UNINITIALIZED_AUTOS = YES_AGGRESSIVE;
				GCC_WARN_UNUSED_FUNCTION = YES;
				GCC_WARN_UNUSED_VARIABLE = YES;
				IPHONEOS_DEPLOYMENT_TARGET = 9.1;
				MTL_ENABLE_DEBUG_INFO = NO;
				SDKROOT = iphoneos;
				VALIDATE_PRODUCT = YES;
			};
			name = Release;
		};
		55DCCAD01BEE3BBB00583245 /* Debug */ = {
			isa = XCBuildConfiguration;
			buildSettings = {
				ASSETCATALOG_COMPILER_APPICON_NAME = AppIcon;
				CODE_SIGN_IDENTITY = "iPhone Developer";
				"CODE_SIGN_IDENTITY[sdk=iphoneos*]" = "iPhone Developer";
				INFOPLIST_FILE = SuperCool/Info.plist;
				LD_RUNPATH_SEARCH_PATHS = "$(inherited) @executable_path/Frameworks";
				PRODUCT_BUNDLE_IDENTIFIER = com.core.SuperCool;
				PRODUCT_NAME = "$(TARGET_NAME)";
				PROVISIONING_PROFILE = "";
			};
			name = Debug;
		};
		55DCCAD11BEE3BBB00583245 /* Release */ = {
			isa = XCBuildConfiguration;
			buildSettings = {
				ASSETCATALOG_COMPILER_APPICON_NAME = AppIcon;
				CODE_SIGN_IDENTITY = "iPhone Developer";
				"CODE_SIGN_IDENTITY[sdk=iphoneos*]" = "iPhone Developer";
				INFOPLIST_FILE = SuperCool/Info.plist;
				LD_RUNPATH_SEARCH_PATHS = "$(inherited) @executable_path/Frameworks";
				PRODUCT_BUNDLE_IDENTIFIER = com.core.SuperCool;
				PRODUCT_NAME = "$(TARGET_NAME)";
				PROVISIONING_PROFILE = "";
			};
			name = Release;
		};
/* End XCBuildConfiguration section */

/* Begin XCConfigurationList section */
		55DCCAB81BEE3BBB00583245 /* Build configuration list for PBXProject "SuperCool" */ = {
			isa = XCConfigurationList;
			buildConfigurations = (
				55DCCACD1BEE3BBB00583245 /* Debug */,
				55DCCACE1BEE3BBB00583245 /* Release */,
			);
			defaultConfigurationIsVisible = 0;
			defaultConfigurationName = Release;
		};
		55DCCACF1BEE3BBB00583245 /* Build configuration list for PBXNativeTarget "SuperCool" */ = {
			isa = XCConfigurationList;
			buildConfigurations = (
				55DCCAD01BEE3BBB00583245 /* Debug */,
				55DCCAD11BEE3BBB00583245 /* Release */,
			);
			defaultConfigurationIsVisible = 0;
		};
/* End XCConfigurationList section */
	};
	rootObject = 55DCCAB51BEE3BBB00583245 /* Project object */;
}
